
Microsoft Visual Studio Solution File, Format Version 12.00
# Visual Studio Version 17
VisualStudioVersion = 17.4.33103.184
MinimumVisualStudioVersion = 10.0.40219.1
Project("{9A19103F-16F7-4668-BE54-9A1E7A4F7556}") = "RabbitMQMvc", "RabbitMQMvc\RabbitMQMvc.csproj", "{5EEEA26B-2912-4C3A-801D-FE7C03BBB773}"
EndProject
Project("{FAE04EC0-301F-11D3-BF4B-00C04F79EFBC}") = "RabitMQConsumer.Console", "RabitMQConsumer.Console\RabitMQConsumer.Console.csproj", "{4296C094-7997-41FE-9E03-B85866973FE9}"
EndProject
Global
	GlobalSection(SolutionConfigurationPlatforms) = preSolution
		Debug|Any CPU = Debug|Any CPU
		Release|Any CPU = Release|Any CPU
	EndGlobalSection
	GlobalSection(ProjectConfigurationPlatforms) = postSolution
		{5EEEA26B-2912-4C3A-801D-FE7C03BBB773}.Debug|Any CPU.ActiveCfg = Debug|Any CPU
		{5EEEA26B-2912-4C3A-801D-FE7C03BBB773}.Debug|Any CPU.Build.0 = Debug|Any CPU
		{5EEEA26B-2912-4C3A-801D-FE7C03BBB773}.Release|Any CPU.ActiveCfg = Release|Any CPU
		{5EEEA26B-2912-4C3A-801D-FE7C03BBB773}.Release|Any CPU.Build.0 = Release|Any CPU
		{4296C094-7997-41FE-9E03-B85866973FE9}.Debug|Any CPU.ActiveCfg = Debug|Any CPU
		{4296C094-7997-41FE-9E03-B85866973FE9}.Debug|Any CPU.Build.0 = Debug|Any CPU
		{4296C094-7997-41FE-9E03-B85866973FE9}.Release|Any CPU.ActiveCfg = Release|Any CPU
		{4296C094-7997-41FE-9E03-B85866973FE9}.Release|Any CPU.Build.0 = Release|Any CPU
	EndGlobalSection
	GlobalSection(SolutionProperties) = preSolution
		HideSolutionNode = FALSE
	EndGlobalSection
	GlobalSection(ExtensibilityGlobals) = postSolution
		SolutionGuid = {7B8E2110-1ADF-4AF3-A593-0205ACF4030F}
	EndGlobalSection
EndGlobal
